// !$*UTF8*$!
{
	archiveVersion = 1;
	classes = {
	};
	objectVersion = 55;
	objects = {

/* Begin PBXBuildFile section */
		D38777892908D741007C80CE /* AppDelegate.swift in Sources */ = {isa = PBXBuildFile; fileRef = D38777882908D741007C80CE /* AppDelegate.swift */; };
		D387778B2908D741007C80CE /* SceneDelegate.swift in Sources */ = {isa = PBXBuildFile; fileRef = D387778A2908D741007C80CE /* SceneDelegate.swift */; };
		D387778D2908D741007C80CE /* ViewController.swift in Sources */ = {isa = PBXBuildFile; fileRef = D387778C2908D741007C80CE /* ViewController.swift */; };
		D38777902908D741007C80CE /* Main.storyboard in Resources */ = {isa = PBXBuildFile; fileRef = D387778E2908D741007C80CE /* Main.storyboard */; };
		D38777922908D742007C80CE /* Assets.xcassets in Resources */ = {isa = PBXBuildFile; fileRef = D38777912908D742007C80CE /* Assets.xcassets */; };
		D38777952908D742007C80CE /* LaunchScreen.storyboard in Resources */ = {isa = PBXBuildFile; fileRef = D38777932908D742007C80CE /* LaunchScreen.storyboard */; };
/* End PBXBuildFile section */

/* Begin PBXContainerItemProxy section */
		D3E527CA2908D76B00F91C64 /* PBXContainerItemProxy */ = {
			isa = PBXContainerItemProxy;
			containerPortal = D3E527C62908D76B00F91C64 /* Framework1.xcodeproj */;
			proxyType = 2;
			remoteGlobalIDString = D387775E2908D5F2007C80CE;
			remoteInfo = Framework1;
		};
		D3E527DC2908D79500F91C64 /* PBXContainerItemProxy */ = {
			isa = PBXContainerItemProxy;
			containerPortal = D3E527D82908D79500F91C64 /* Framework2.xcodeproj */;
			proxyType = 2;
			remoteGlobalIDString = D38777722908D6C4007C80CE;
			remoteInfo = Framework2;
		};
		D3E527DE2908D8D100F91C64 /* PBXContainerItemProxy */ = {
			isa = PBXContainerItemProxy;
			containerPortal = D3E527C62908D76B00F91C64 /* Framework1.xcodeproj */;
			proxyType = 1;
			remoteGlobalIDString = D387775D2908D5F2007C80CE;
			remoteInfo = Framework1;
		};
		D3E527E02908D8D100F91C64 /* PBXContainerItemProxy */ = {
			isa = PBXContainerItemProxy;
			containerPortal = D3E527D82908D79500F91C64 /* Framework2.xcodeproj */;
			proxyType = 1;
			remoteGlobalIDString = D38777712908D6C4007C80CE;
			remoteInfo = Framework2;
		};
/* End PBXContainerItemProxy section */

/* Begin PBXFileReference section */
		D38777852908D741007C80CE /* Demo.app */ = {isa = PBXFileReference; explicitFileType = wrapper.application; includeInIndex = 0; path = Demo.app; sourceTree = BUILT_PRODUCTS_DIR; };
		D38777882908D741007C80CE /* AppDelegate.swift */ = {isa = PBXFileReference; lastKnownFileType = sourcecode.swift; path = AppDelegate.swift; sourceTree = "<group>"; };
		D387778A2908D741007C80CE /* SceneDelegate.swift */ = {isa = PBXFileReference; lastKnownFileType = sourcecode.swift; path = SceneDelegate.swift; sourceTree = "<group>"; };
		D387778C2908D741007C80CE /* ViewController.swift */ = {isa = PBXFileReference; lastKnownFileType = sourcecode.swift; path = ViewController.swift; sourceTree = "<group>"; };
		D387778F2908D741007C80CE /* Base */ = {isa = PBXFileReference; lastKnownFileType = file.storyboard; name = Base; path = Base.lproj/Main.storyboard; sourceTree = "<group>"; };
		D38777912908D742007C80CE /* Assets.xcassets */ = {isa = PBXFileReference; lastKnownFileType = folder.assetcatalog; path = Assets.xcassets; sourceTree = "<group>"; };
		D38777942908D742007C80CE /* Base */ = {isa = PBXFileReference; lastKnownFileType = file.storyboard; name = Base; path = Base.lproj/LaunchScreen.storyboard; sourceTree = "<group>"; };
		D38777962908D742007C80CE /* Info.plist */ = {isa = PBXFileReference; lastKnownFileType = text.plist.xml; path = Info.plist; sourceTree = "<group>"; };
		D3E527C62908D76B00F91C64 /* Framework1.xcodeproj */ = {isa = PBXFileReference; lastKnownFileType = "wrapper.pb-project"; name = Framework1.xcodeproj; path = ../Framework1/Framework1.xcodeproj; sourceTree = "<group>"; };
		D3E527D82908D79500F91C64 /* Framework2.xcodeproj */ = {isa = PBXFileReference; lastKnownFileType = "wrapper.pb-project"; name = Framework2.xcodeproj; path = ../Framework2/Framework2.xcodeproj; sourceTree = "<group>"; };
/* End PBXFileReference section */

/* Begin PBXFrameworksBuildPhase section */
		D38777822908D741007C80CE /* Frameworks */ = {
			isa = PBXFrameworksBuildPhase;
			buildActionMask = 2147483647;
			files = (
			);
			runOnlyForDeploymentPostprocessing = 0;
		};
/* End PBXFrameworksBuildPhase section */

/* Begin PBXGroup section */
		D387777C2908D741007C80CE = {
			isa = PBXGroup;
			children = (
				D3E527C62908D76B00F91C64 /* Framework1.xcodeproj */,
				D3E527D82908D79500F91C64 /* Framework2.xcodeproj */,
				D38777872908D741007C80CE /* Demo */,
				D38777862908D741007C80CE /* Products */,
			);
			sourceTree = "<group>";
		};
		D38777862908D741007C80CE /* Products */ = {
			isa = PBXGroup;
			children = (
				D38777852908D741007C80CE /* Demo.app */,
			);
			name = Products;
			sourceTree = "<group>";
		};
		D38777872908D741007C80CE /* Demo */ = {
			isa = PBXGroup;
			children = (
				D38777882908D741007C80CE /* AppDelegate.swift */,
				D387778A2908D741007C80CE /* SceneDelegate.swift */,
				D387778C2908D741007C80CE /* ViewController.swift */,
				D387778E2908D741007C80CE /* Main.storyboard */,
				D38777912908D742007C80CE /* Assets.xcassets */,
				D38777932908D742007C80CE /* LaunchScreen.storyboard */,
				D38777962908D742007C80CE /* Info.plist */,
			);
			path = Demo;
			sourceTree = "<group>";
		};
		D3E527C72908D76B00F91C64 /* Products */ = {
			isa = PBXGroup;
			children = (
				D3E527CB2908D76B00F91C64 /* Framework1.framework */,
			);
			name = Products;
			sourceTree = "<group>";
		};
		D3E527D92908D79500F91C64 /* Products */ = {
			isa = PBXGroup;
			children = (
				D3E527DD2908D79500F91C64 /* Framework2.framework */,
			);
			name = Products;
			sourceTree = "<group>";
		};
/* End PBXGroup section */

/* Begin PBXNativeTarget section */
		D38777842908D741007C80CE /* Demo */ = {
			isa = PBXNativeTarget;
			buildConfigurationList = D38777992908D742007C80CE /* Build configuration list for PBXNativeTarget "Demo" */;
			buildPhases = (
				D38777812908D741007C80CE /* Sources */,
				D38777822908D741007C80CE /* Frameworks */,
				D38777832908D741007C80CE /* Resources */,
			);
			buildRules = (
			);
			dependencies = (
				D3E527DF2908D8D100F91C64 /* PBXTargetDependency */,
				D3E527E12908D8D100F91C64 /* PBXTargetDependency */,
			);
			name = Demo;
			productName = Demo;
			productReference = D38777852908D741007C80CE /* Demo.app */;
			productType = "com.apple.product-type.application";
		};
/* End PBXNativeTarget section */

/* Begin PBXProject section */
		D387777D2908D741007C80CE /* Project object */ = {
			isa = PBXProject;
			attributes = {
				BuildIndependentTargetsInParallel = 1;
				LastSwiftUpdateCheck = 1340;
				LastUpgradeCheck = 1340;
				TargetAttributes = {
					D38777842908D741007C80CE = {
						CreatedOnToolsVersion = 13.4.1;
					};
				};
			};
			buildConfigurationList = D38777802908D741007C80CE /* Build configuration list for PBXProject "Demo" */;
			compatibilityVersion = "Xcode 13.0";
			developmentRegion = en;
			hasScannedForEncodings = 0;
			knownRegions = (
				en,
				Base,
			);
			mainGroup = D387777C2908D741007C80CE;
			productRefGroup = D38777862908D741007C80CE /* Products */;
			projectDirPath = "";
			projectReferences = (
				{
					ProductGroup = D3E527C72908D76B00F91C64 /* Products */;
					ProjectRef = D3E527C62908D76B00F91C64 /* Framework1.xcodeproj */;
				},
				{
					ProductGroup = D3E527D92908D79500F91C64 /* Products */;
					ProjectRef = D3E527D82908D79500F91C64 /* Framework2.xcodeproj */;
				},
			);
			projectRoot = "";
			targets = (
				D38777842908D741007C80CE /* Demo */,
			);
		};
/* End PBXProject section */

/* Begin PBXReferenceProxy section */
		D3E527CB2908D76B00F91C64 /* Framework1.framework */ = {
			isa = PBXReferenceProxy;
			fileType = wrapper.framework;
			path = Framework1.framework;
			remoteRef = D3E527CA2908D76B00F91C64 /* PBXContainerItemProxy */;
			sourceTree = BUILT_PRODUCTS_DIR;
		};
		D3E527DD2908D79500F91C64 /* Framework2.framework */ = {
			isa = PBXReferenceProxy;
			fileType = wrapper.framework;
			path = Framework2.framework;
			remoteRef = D3E527DC2908D79500F91C64 /* PBXContainerItemProxy */;
			sourceTree = BUILT_PRODUCTS_DIR;
		};
/* End PBXReferenceProxy section */

/* Begin PBXResourcesBuildPhase section */
		D38777832908D741007C80CE /* Resources */ = {
			isa = PBXResourcesBuildPhase;
			buildActionMask = 2147483647;
			files = (
				D38777952908D742007C80CE /* LaunchScreen.storyboard in Resources */,
				D38777922908D742007C80CE /* Assets.xcassets in Resources */,
				D38777902908D741007C80CE /* Main.storyboard in Resources */,
			);
			runOnlyForDeploymentPostprocessing = 0;
		};
/* End PBXResourcesBuildPhase section */

/* Begin PBXSourcesBuildPhase section */
		D38777812908D741007C80CE /* Sources */ = {
			isa = PBXSourcesBuildPhase;
			buildActionMask = 2147483647;
			files = (
				D387778D2908D741007C80CE /* ViewController.swift in Sources */,
				D38777892908D741007C80CE /* AppDelegate.swift in Sources */,
				D387778B2908D741007C80CE /* SceneDelegate.swift in Sources */,
			);
			runOnlyForDeploymentPostprocessing = 0;
		};
/* End PBXSourcesBuildPhase section */

/* Begin PBXTargetDependency section */
		D3E527DF2908D8D100F91C64 /* PBXTargetDependency */ = {
			isa = PBXTargetDependency;
			name = Framework1;
			targetProxy = D3E527DE2908D8D100F91C64 /* PBXContainerItemProxy */;
		};
		D3E527E12908D8D100F91C64 /* PBXTargetDependency */ = {
			isa = PBXTargetDependency;
			name = Framework2;
			targetProxy = D3E527E02908D8D100F91C64 /* PBXContainerItemProxy */;
		};
/* End PBXTargetDependency section */

/* Begin PBXVariantGroup section */
		D387778E2908D741007C80CE /* Main.storyboard */ = {
			isa = PBXVariantGroup;
			children = (
				D387778F2908D741007C80CE /* Base */,
			);
			name = Main.storyboard;
			sourceTree = "<group>";
		};
		D38777932908D742007C80CE /* LaunchScreen.storyboard */ = {
			isa = PBXVariantGroup;
			children = (
				D38777942908D742007C80CE /* Base */,
			);
			name = LaunchScreen.storyboard;
			sourceTree = "<group>";
		};
/* End PBXVariantGroup section */

/* Begin XCBuildConfiguration section */
		D38777972908D742007C80CE /* Debug */ = {
			isa = XCBuildConfiguration;
			buildSettings = {
				ALWAYS_SEARCH_USER_PATHS = NO;
				CLANG_ANALYZER_NONNULL = YES;
				CLANG_ANALYZER_NUMBER_OBJECT_CONVERSION = YES_AGGRESSIVE;
				CLANG_CXX_LANGUAGE_STANDARD = "gnu++17";
				CLANG_ENABLE_MODULES = YES;
				CLANG_ENABLE_OBJC_ARC = YES;
				CLANG_ENABLE_OBJC_WEAK = YES;
				CLANG_WARN_BLOCK_CAPTURE_AUTORELEASING = YES;
				CLANG_WARN_BOOL_CONVERSION = YES;
				CLANG_WARN_COMMA = YES;
				CLANG_WARN_CONSTANT_CONVERSION = YES;
				CLANG_WARN_DEPRECATED_OBJC_IMPLEMENTATIONS = YES;
				CLANG_WARN_DIRECT_OBJC_ISA_USAGE = YES_ERROR;
				CLANG_WARN_DOCUMENTATION_COMMENTS = YES;
				CLANG_WARN_EMPTY_BODY = YES;
				CLANG_WARN_ENUM_CONVERSION = YES;
				CLANG_WARN_INFINITE_RECURSION = YES;
				CLANG_WARN_INT_CONVERSION = YES;
				CLANG_WARN_NON_LITERAL_NULL_CONVERSION = YES;
				CLANG_WARN_OBJC_IMPLICIT_RETAIN_SELF = YES;
				CLANG_WARN_OBJC_LITERAL_CONVERSION = YES;
				CLANG_WARN_OBJC_ROOT_CLASS = YES_ERROR;
				CLANG_WARN_QUOTED_INCLUDE_IN_FRAMEWORK_HEADER = YES;
				CLANG_WARN_RANGE_LOOP_ANALYSIS = YES;
				CLANG_WARN_STRICT_PROTOTYPES = YES;
				CLANG_WARN_SUSPICIOUS_MOVE = YES;
				CLANG_WARN_UNGUARDED_AVAILABILITY = YES_AGGRESSIVE;
				CLANG_WARN_UNREACHABLE_CODE = YES;
				CLANG_WARN__DUPLICATE_METHOD_MATCH = YES;
				COPY_PHASE_STRIP = NO;
				DEBUG_INFORMATION_FORMAT = dwarf;
				ENABLE_STRICT_OBJC_MSGSEND = YES;
				ENABLE_TESTABILITY = YES;
				GCC_C_LANGUAGE_STANDARD = gnu11;
				GCC_DYNAMIC_NO_PIC = NO;
				GCC_NO_COMMON_BLOCKS = YES;
				GCC_OPTIMIZATION_LEVEL = 0;
				GCC_PREPROCESSOR_DEFINITIONS = (
					"DEBUG=1",
					"$(inherited)",
				);
				GCC_WARN_64_TO_32_BIT_CONVERSION = YES;
				GCC_WARN_ABOUT_RETURN_TYPE = YES_ERROR;
				GCC_WARN_UNDECLARED_SELECTOR = YES;
				GCC_WARN_UNINITIALIZED_AUTOS = YES_AGGRESSIVE;
				GCC_WARN_UNUSED_FUNCTION = YES;
				GCC_WARN_UNUSED_VARIABLE = YES;
				IPHONEOS_DEPLOYMENT_TARGET = 15.5;
				MTL_ENABLE_DEBUG_INFO = INCLUDE_SOURCE;
				MTL_FAST_MATH = YES;
				ONLY_ACTIVE_ARCH = YES;
				SDKROOT = iphoneos;
				SWIFT_ACTIVE_COMPILATION_CONDITIONS = DEBUG;
				SWIFT_OPTIMIZATION_LEVEL = "-Onone";
			};
			name = Debug;
		};
		D38777982908D742007C80CE /* Release */ = {
			isa = XCBuildConfiguration;
			buildSettings = {
				ALWAYS_SEARCH_USER_PATHS = NO;
				CLANG_ANALYZER_NONNULL = YES;
				CLANG_ANALYZER_NUMBER_OBJECT_CONVERSION = YES_AGGRESSIVE;
				CLANG_CXX_LANGUAGE_STANDARD = "gnu++17";
				CLANG_ENABLE_MODULES = YES;
				CLANG_ENABLE_OBJC_ARC = YES;
				CLANG_ENABLE_OBJC_WEAK = YES;
				CLANG_WARN_BLOCK_CAPTURE_AUTORELEASING = YES;
				CLANG_WARN_BOOL_CONVERSION = YES;
				CLANG_WARN_COMMA = YES;
				CLANG_WARN_CONSTANT_CONVERSION = YES;
				CLANG_WARN_DEPRECATED_OBJC_IMPLEMENTATIONS = YES;
				CLANG_WARN_DIRECT_OBJC_ISA_USAGE = YES_ERROR;
				CLANG_WARN_DOCUMENTATION_COMMENTS = YES;
				CLANG_WARN_EMPTY_BODY = YES;
				CLANG_WARN_ENUM_CONVERSION = YES;
				CLANG_WARN_INFINITE_RECURSION = YES;
				CLANG_WARN_INT_CONVERSION = YES;
				CLANG_WARN_NON_LITERAL_NULL_CONVERSION = YES;
				CLANG_WARN_OBJC_IMPLICIT_RETAIN_SELF = YES;
				CLANG_WARN_OBJC_LITERAL_CONVERSION = YES;
				CLANG_WARN_OBJC_ROOT_CLASS = YES_ERROR;
				CLANG_WARN_QUOTED_INCLUDE_IN_FRAMEWORK_HEADER = YES;
				CLANG_WARN_RANGE_LOOP_ANALYSIS = YES;
				CLANG_WARN_STRICT_PROTOTYPES = YES;
				CLANG_WARN_SUSPICIOUS_MOVE = YES;
				CLANG_WARN_UNGUARDED_AVAILABILITY = YES_AGGRESSIVE;
				CLANG_WARN_UNREACHABLE_CODE = YES;
				CLANG_WARN__DUPLICATE_METHOD_MATCH = YES;
				COPY_PHASE_STRIP = NO;
				DEBUG_INFORMATION_FORMAT = "dwarf-with-dsym";
				ENABLE_NS_ASSERTIONS = NO;
				ENABLE_STRICT_OBJC_MSGSEND = YES;
				GCC_C_LANGUAGE_STANDARD = gnu11;
				GCC_NO_COMMON_BLOCKS = YES;
				GCC_WARN_64_TO_32_BIT_CONVERSION = YES;
				GCC_WARN_ABOUT_RETURN_TYPE = YES_ERROR;
				GCC_WARN_UNDECLARED_SELECTOR = YES;
				GCC_WARN_UNINITIALIZED_AUTOS = YES_AGGRESSIVE;
				GCC_WARN_UNUSED_FUNCTION = YES;
				GCC_WARN_UNUSED_VARIABLE = YES;
				IPHONEOS_DEPLOYMENT_TARGET = 15.5;
				MTL_ENABLE_DEBUG_INFO = NO;
				MTL_FAST_MATH = YES;
				SDKROOT = iphoneos;
				SWIFT_COMPILATION_MODE = wholemodule;
				SWIFT_OPTIMIZATION_LEVEL = "-O";
				VALIDATE_PRODUCT = YES;
			};
			name = Release;
		};
		D387779A2908D742007C80CE /* Debug */ = {
			isa = XCBuildConfiguration;
			buildSettings = {
				ASSETCATALOG_COMPILER_APPICON_NAME = AppIcon;
				ASSETCATALOG_COMPILER_GLOBAL_ACCENT_COLOR_NAME = AccentColor;
				CODE_SIGN_STYLE = Automatic;
				CURRENT_PROJECT_VERSION = 1;
				DEVELOPMENT_TEAM = YY4BYUGBA9;
				GENERATE_INFOPLIST_FILE = YES;
				INFOPLIST_FILE = Demo/Info.plist;
				INFOPLIST_KEY_UIApplicationSupportsIndirectInputEvents = YES;
				INFOPLIST_KEY_UILaunchStoryboardName = LaunchScreen;
				INFOPLIST_KEY_UIMainStoryboardFile = Main;
				INFOPLIST_KEY_UISupportedInterfaceOrientations_iPad = "UIInterfaceOrientationPortrait UIInterfaceOrientationPortraitUpsideDown UIInterfaceOrientationLandscapeLeft UIInterfaceOrientationLandscapeRight";
				INFOPLIST_KEY_UISupportedInterfaceOrientations_iPhone = "UIInterfaceOrientationPortrait UIInterfaceOrientationLandscapeLeft UIInterfaceOrientationLandscapeRight";
				LD_RUNPATH_SEARCH_PATHS = (
					"$(inherited)",
					"@executable_path/Frameworks",
				);
				MARKETING_VERSION = 1.0;
				PRODUCT_BUNDLE_IDENTIFIER = com.shoguncao.Demo;
				PRODUCT_NAME = "$(TARGET_NAME)";
				SWIFT_EMIT_LOC_STRINGS = YES;
				SWIFT_VERSION = 5.0;
				TARGETED_DEVICE_FAMILY = "1,2";
			};
			name = Debug;
		};
		D387779B2908D742007C80CE /* Release */ = {
			isa = XCBuildConfiguration;
			buildSettings = {
				ASSETCATALOG_COMPILER_APPICON_NAME = AppIcon;
				ASSETCATALOG_COMPILER_GLOBAL_ACCENT_COLOR_NAME = AccentColor;
				CODE_SIGN_STYLE = Automatic;
				CURRENT_PROJECT_VERSION = 1;
				DEVELOPMENT_TEAM = YY4BYUGBA9;
				GENERATE_INFOPLIST_FILE = YES;
				INFOPLIST_FILE = Demo/Info.plist;
				INFOPLIST_KEY_UIApplicationSupportsIndirectInputEvents = YES;
				INFOPLIST_KEY_UILaunchStoryboardName = LaunchScreen;
				INFOPLIST_KEY_UIMainStoryboardFile = Main;
				INFOPLIST_KEY_UISupportedInterfaceOrientations_iPad = "UIInterfaceOrientationPortrait UIInterfaceOrientationPortraitUpsideDown UIInterfaceOrientationLandscapeLeft UIInterfaceOrientationLandscapeRight";
				INFOPLIST_KEY_UISupportedInterfaceOrientations_iPhone = "UIInterfaceOrientationPortrait UIInterfaceOrientationLandscapeLeft UIInterfaceOrientationLandscapeRight";
				LD_RUNPATH_SEARCH_PATHS = (
					"$(inherited)",
					"@executable_path/Frameworks",
				);
				MARKETING_VERSION = 1.0;
				PRODUCT_BUNDLE_IDENTIFIER = com.shoguncao.Demo;
				PRODUCT_NAME = "$(TARGET_NAME)";
				SWIFT_EMIT_LOC_STRINGS = YES;
				SWIFT_VERSION = 5.0;
				TARGETED_DEVICE_FAMILY = "1,2";
			};
			name = Release;
		};
/* End XCBuildConfiguration section */

/* Begin XCConfigurationList section */
		D38777802908D741007C80CE /* Build configuration list for PBXProject "Demo" */ = {
			isa = XCConfigurationList;
			buildConfigurations = (
				D38777972908D742007C80CE /* Debug */,
				D38777982908D742007C80CE /* Release */,
			);
			defaultConfigurationIsVisible = 0;
			defaultConfigurationName = Release;
		};
		D38777992908D742007C80CE /* Build configuration list for PBXNativeTarget "Demo" */ = {
			isa = XCConfigurationList;
			buildConfigurations = (
				D387779A2908D742007C80CE /* Debug */,
				D387779B2908D742007C80CE /* Release */,
			);
			defaultConfigurationIsVisible = 0;
			defaultConfigurationName = Release;
		};
/* End XCConfigurationList section */
	};
	rootObject = D387777D2908D741007C80CE /* Project object */;
}
